
Microsoft Visual Studio Solution File, Format Version 12.00
# Visual Studio Version 17
VisualStudioVersion = 17.4.33205.214
MinimumVisualStudioVersion = 10.0.40219.1
Project("{FAE04EC0-301F-11D3-BF4B-00C04F79EFBC}") = "Jwt_APP-Backend", "Jwt_APP-Backend\Jwt_APP-Backend.csproj", "{811E1F93-AC09-4F00-B732-C36656E2AB48}"
EndProject
Global
	GlobalSection(SolutionConfigurationPlatforms) = preSolution
		Debug|Any CPU = Debug|Any CPU
		Release|Any CPU = Release|Any CPU
	EndGlobalSection
	GlobalSection(ProjectConfigurationPlatforms) = postSolution
		{811E1F93-AC09-4F00-B732-C36656E2AB48}.Debug|Any CPU.ActiveCfg = Debug|Any CPU
		{811E1F93-AC09-4F00-B732-C36656E2AB48}.Debug|Any CPU.Build.0 = Debug|Any CPU
		{811E1F93-AC09-4F00-B732-C36656E2AB48}.Release|Any CPU.ActiveCfg = Release|Any CPU
		{811E1F93-AC09-4F00-B732-C36656E2AB48}.Release|Any CPU.Build.0 = Release|Any CPU
	EndGlobalSection
	GlobalSection(SolutionProperties) = preSolution
		HideSolutionNode = FALSE
	EndGlobalSection
	GlobalSection(ExtensibilityGlobals) = postSolution
		SolutionGuid = {A767CB4D-F375-484A-A761-DBA6D1F186B9}
	EndGlobalSection
EndGlobal
